
Microsoft Visual Studio Solution File, Format Version 12.00
# Visual Studio Version 17
VisualStudioVersion = 17.4.33122.133
MinimumVisualStudioVersion = 10.0.40219.1
Project("{9A19103F-16F7-4668-BE54-9A1E7A4F7556}") = "FirstTdcJfk.Domain", "FirstTdcJfk.Domain\FirstTdcJfk.Domain.csproj", "{6639CD71-695D-4D10-A73D-D7B4AD6DBFDC}"
EndProject
Project("{9A19103F-16F7-4668-BE54-9A1E7A4F7556}") = "FirstTdcJfk.Application", "FirstTdcJfk.Application\FirstTdcJfk.Application.csproj", "{4A4E4934-E026-43D8-8151-90C9A6E8919A}"
EndProject
Project("{9A19103F-16F7-4668-BE54-9A1E7A4F7556}") = "FirstTdcJfk.Infrastructure", "FirstTdcJfk.Infrastructure\FirstTdcJfk.Infrastructure.csproj", "{86273760-65EC-4A65-95F9-583F720408B2}"
EndProject
Project("{FAE04EC0-301F-11D3-BF4B-00C04F79EFBC}") = "FirstTdcJfk.Api", "FirstTdcJfk.Api\FirstTdcJfk.Api.csproj", "{3B49855A-4320-45D2-BC4F-408928DBB044}"
EndProject
Global
	GlobalSection(SolutionConfigurationPlatforms) = preSolution
		Debug|Any CPU = Debug|Any CPU
		Release|Any CPU = Release|Any CPU
	EndGlobalSection
	GlobalSection(ProjectConfigurationPlatforms) = postSolution
		{6639CD71-695D-4D10-A73D-D7B4AD6DBFDC}.Debug|Any CPU.ActiveCfg = Debug|Any CPU
		{6639CD71-695D-4D10-A73D-D7B4AD6DBFDC}.Debug|Any CPU.Build.0 = Debug|Any CPU
		{6639CD71-695D-4D10-A73D-D7B4AD6DBFDC}.Release|Any CPU.ActiveCfg = Release|Any CPU
		{6639CD71-695D-4D10-A73D-D7B4AD6DBFDC}.Release|Any CPU.Build.0 = Release|Any CPU
		{4A4E4934-E026-43D8-8151-90C9A6E8919A}.Debug|Any CPU.ActiveCfg = Debug|Any CPU
		{4A4E4934-E026-43D8-8151-90C9A6E8919A}.Debug|Any CPU.Build.0 = Debug|Any CPU
		{4A4E4934-E026-43D8-8151-90C9A6E8919A}.Release|Any CPU.ActiveCfg = Release|Any CPU
		{4A4E4934-E026-43D8-8151-90C9A6E8919A}.Release|Any CPU.Build.0 = Release|Any CPU
		{86273760-65EC-4A65-95F9-583F720408B2}.Debug|Any CPU.ActiveCfg = Debug|Any CPU
		{86273760-65EC-4A65-95F9-583F720408B2}.Debug|Any CPU.Build.0 = Debug|Any CPU
		{86273760-65EC-4A65-95F9-583F720408B2}.Release|Any CPU.ActiveCfg = Release|Any CPU
		{86273760-65EC-4A65-95F9-583F720408B2}.Release|Any CPU.Build.0 = Release|Any CPU
		{3B49855A-4320-45D2-BC4F-408928DBB044}.Debug|Any CPU.ActiveCfg = Debug|Any CPU
		{3B49855A-4320-45D2-BC4F-408928DBB044}.Debug|Any CPU.Build.0 = Debug|Any CPU
		{3B49855A-4320-45D2-BC4F-408928DBB044}.Release|Any CPU.ActiveCfg = Release|Any CPU
		{3B49855A-4320-45D2-BC4F-408928DBB044}.Release|Any CPU.Build.0 = Release|Any CPU
	EndGlobalSection
	GlobalSection(SolutionProperties) = preSolution
		HideSolutionNode = FALSE
	EndGlobalSection
	GlobalSection(ExtensibilityGlobals) = postSolution
		SolutionGuid = {87FE606B-1CA9-4119-A173-FE5B892E5F4C}
	EndGlobalSection
EndGlobal
